
Microsoft Visual Studio Solution File, Format Version 12.00
# Visual Studio 15
VisualStudioVersion = 15.0.27004.2005
MinimumVisualStudioVersion = 10.0.40219.1
Project("{FAE04EC0-301F-11D3-BF4B-00C04F79EFBC}") = "ProgramskiJezici", "ProgramskiJezici\ProgramskiJezici.csproj", "{649ABAE5-CFE3-40B4-9E5B-F173B4038328}"
EndProject
Global
	GlobalSection(SolutionConfigurationPlatforms) = preSolution
		Debug|Any CPU = Debug|Any CPU
		Release|Any CPU = Release|Any CPU
	EndGlobalSection
	GlobalSection(ProjectConfigurationPlatforms) = postSolution
		{649ABAE5-CFE3-40B4-9E5B-F173B4038328}.Debug|Any CPU.ActiveCfg = Debug|Any CPU
		{649ABAE5-CFE3-40B4-9E5B-F173B4038328}.Debug|Any CPU.Build.0 = Debug|Any CPU
		{649ABAE5-CFE3-40B4-9E5B-F173B4038328}.Release|Any CPU.ActiveCfg = Release|Any CPU
		{649ABAE5-CFE3-40B4-9E5B-F173B4038328}.Release|Any CPU.Build.0 = Release|Any CPU
	EndGlobalSection
	GlobalSection(SolutionProperties) = preSolution
		HideSolutionNode = FALSE
	EndGlobalSection
	GlobalSection(ExtensibilityGlobals) = postSolution
		SolutionGuid = {2A973336-6BD9-480D-A482-02D823D18BAF}
	EndGlobalSection
EndGlobal
